
Microsoft Visual Studio Solution File, Format Version 12.00
# Visual Studio 2012
Project("{FAE04EC0-301F-11D3-BF4B-00C04F79EFBC}") = "EasyComLib", "EasyComLib\EasyComLib.csproj", "{FD433727-0356-4768-9B01-EB936E5D54C7}"
EndProject
Global
	GlobalSection(SolutionConfigurationPlatforms) = preSolution
		Debug|x86 = Debug|x86
		Release|x86 = Release|x86
	EndGlobalSection
	GlobalSection(ProjectConfigurationPlatforms) = postSolution
		{FD433727-0356-4768-9B01-EB936E5D54C7}.Debug|x86.ActiveCfg = Debug|x86
		{FD433727-0356-4768-9B01-EB936E5D54C7}.Debug|x86.Build.0 = Debug|x86
		{FD433727-0356-4768-9B01-EB936E5D54C7}.Release|x86.ActiveCfg = Release|x86
		{FD433727-0356-4768-9B01-EB936E5D54C7}.Release|x86.Build.0 = Release|x86
	EndGlobalSection
EndGlobal
